
Microsoft Visual Studio Solution File, Format Version 12.00
Project("{FAE04EC0-301F-11D3-BF4B-00C04F79EFBC}") = "TrainingLog", "TrainingLog\TrainingLog.csproj", "{AA27A8AC-9566-46AD-AAAA-0723A4E46A8C}"
EndProject
Global
	GlobalSection(SolutionConfigurationPlatforms) = preSolution
		Debug|Any CPU = Debug|Any CPU
		Release|Any CPU = Release|Any CPU
	EndGlobalSection
	GlobalSection(ProjectConfigurationPlatforms) = postSolution
		{AA27A8AC-9566-46AD-AAAA-0723A4E46A8C}.Debug|Any CPU.ActiveCfg = Debug|Any CPU
		{AA27A8AC-9566-46AD-AAAA-0723A4E46A8C}.Debug|Any CPU.Build.0 = Debug|Any CPU
		{AA27A8AC-9566-46AD-AAAA-0723A4E46A8C}.Release|Any CPU.ActiveCfg = Release|Any CPU
		{AA27A8AC-9566-46AD-AAAA-0723A4E46A8C}.Release|Any CPU.Build.0 = Release|Any CPU
	EndGlobalSection
EndGlobal
